// !$*UTF8*$!
{
	archiveVersion = 1;
	classes = {
	};
	objectVersion = 50;
	objects = {

/* Begin PBXBuildFile section */
		63DA882F26151BDB00E4D806 /* QuizEngine.framework in Frameworks */ = {isa = PBXBuildFile; fileRef = 63DA882526151BDA00E4D806 /* QuizEngine.framework */; };
		63DA884426151C9600E4D806 /* FlowTest.swift in Sources */ = {isa = PBXBuildFile; fileRef = 63DA884326151C9600E4D806 /* FlowTest.swift */; };
		63DA884826151DD100E4D806 /* Flow.swift in Sources */ = {isa = PBXBuildFile; fileRef = 63DA884726151DD100E4D806 /* Flow.swift */; };
		63DA88CE2617751C00E4D806 /* Result.swift in Sources */ = {isa = PBXBuildFile; fileRef = 63DA88CD2617751C00E4D806 /* Result.swift */; };
		63DA88D22617752400E4D806 /* Router.swift in Sources */ = {isa = PBXBuildFile; fileRef = 63DA88D12617752400E4D806 /* Router.swift */; };
		63DA88D6261775BE00E4D806 /* GameTest.swift in Sources */ = {isa = PBXBuildFile; fileRef = 63DA88D5261775BE00E4D806 /* GameTest.swift */; };
		63DA88DA2617767D00E4D806 /* Game.swift in Sources */ = {isa = PBXBuildFile; fileRef = 63DA88D92617767D00E4D806 /* Game.swift */; };
		63DA88DE2617770A00E4D806 /* DelegateSpy.swift in Sources */ = {isa = PBXBuildFile; fileRef = 63DA88DD2617770A00E4D806 /* DelegateSpy.swift */; };
		63DA88F3261780BD00E4D806 /* QuizEngine.framework in Frameworks */ = {isa = PBXBuildFile; fileRef = 63DA88EA261780BC00E4D806 /* QuizEngine.framework */; };
		63DA890D2617812400E4D806 /* GameTest.swift in Sources */ = {isa = PBXBuildFile; fileRef = 63DA88D5261775BE00E4D806 /* GameTest.swift */; };
		63DA890E2617812400E4D806 /* FlowTest.swift in Sources */ = {isa = PBXBuildFile; fileRef = 63DA884326151C9600E4D806 /* FlowTest.swift */; };
		63DA890F2617812400E4D806 /* DelegateSpy.swift in Sources */ = {isa = PBXBuildFile; fileRef = 63DA88DD2617770A00E4D806 /* DelegateSpy.swift */; };
		63DA89142617813B00E4D806 /* Result.swift in Sources */ = {isa = PBXBuildFile; fileRef = 63DA88CD2617751C00E4D806 /* Result.swift */; };
		63DA89152617813B00E4D806 /* Router.swift in Sources */ = {isa = PBXBuildFile; fileRef = 63DA88D12617752400E4D806 /* Router.swift */; };
		63DA89162617813B00E4D806 /* Flow.swift in Sources */ = {isa = PBXBuildFile; fileRef = 63DA884726151DD100E4D806 /* Flow.swift */; };
		63DA89172617813B00E4D806 /* Game.swift in Sources */ = {isa = PBXBuildFile; fileRef = 63DA88D92617767D00E4D806 /* Game.swift */; };
		63E4980026371B28006A3765 /* Question.swift in Sources */ = {isa = PBXBuildFile; fileRef = 63E497FF26371B28006A3765 /* Question.swift */; };
		63E4981F2637F8D8006A3765 /* Question.swift in Sources */ = {isa = PBXBuildFile; fileRef = 63E497FF26371B28006A3765 /* Question.swift */; };
		63F3C4DE263837E200BC579C /* QuizDelegate.swift in Sources */ = {isa = PBXBuildFile; fileRef = 63F3C4DD263837E200BC579C /* QuizDelegate.swift */; };
/* End PBXBuildFile section */

/* Begin PBXContainerItemProxy section */
		63DA883026151BDB00E4D806 /* PBXContainerItemProxy */ = {
			isa = PBXContainerItemProxy;
			containerPortal = 63DA881C26151BDA00E4D806 /* Project object */;
			proxyType = 1;
			remoteGlobalIDString = 63DA882426151BDA00E4D806;
			remoteInfo = QuizEngine;
		};
		63DA88F4261780BD00E4D806 /* PBXContainerItemProxy */ = {
			isa = PBXContainerItemProxy;
			containerPortal = 63DA881C26151BDA00E4D806 /* Project object */;
			proxyType = 1;
			remoteGlobalIDString = 63DA88E9261780BC00E4D806;
			remoteInfo = QuizEngine_iOS;
		};
/* End PBXContainerItemProxy section */

/* Begin PBXFileReference section */
		63DA882526151BDA00E4D806 /* QuizEngine.framework */ = {isa = PBXFileReference; explicitFileType = wrapper.framework; includeInIndex = 0; path = QuizEngine.framework; sourceTree = BUILT_PRODUCTS_DIR; };
		63DA882926151BDA00E4D806 /* Info.plist */ = {isa = PBXFileReference; lastKnownFileType = text.plist.xml; path = Info.plist; sourceTree = "<group>"; };
		63DA882E26151BDB00E4D806 /* QuizEngineTests.xctest */ = {isa = PBXFileReference; explicitFileType = wrapper.cfbundle; includeInIndex = 0; path = QuizEngineTests.xctest; sourceTree = BUILT_PRODUCTS_DIR; };
		63DA883526151BDB00E4D806 /* Info.plist */ = {isa = PBXFileReference; lastKnownFileType = text.plist.xml; path = Info.plist; sourceTree = "<group>"; };
		63DA884326151C9600E4D806 /* FlowTest.swift */ = {isa = PBXFileReference; lastKnownFileType = sourcecode.swift; path = FlowTest.swift; sourceTree = "<group>"; };
		63DA884726151DD100E4D806 /* Flow.swift */ = {isa = PBXFileReference; lastKnownFileType = sourcecode.swift; path = Flow.swift; sourceTree = "<group>"; };
		63DA88CD2617751C00E4D806 /* Result.swift */ = {isa = PBXFileReference; lastKnownFileType = sourcecode.swift; path = Result.swift; sourceTree = "<group>"; };
		63DA88D12617752400E4D806 /* Router.swift */ = {isa = PBXFileReference; lastKnownFileType = sourcecode.swift; path = Router.swift; sourceTree = "<group>"; };
		63DA88D5261775BE00E4D806 /* GameTest.swift */ = {isa = PBXFileReference; lastKnownFileType = sourcecode.swift; path = GameTest.swift; sourceTree = "<group>"; };
		63DA88D92617767D00E4D806 /* Game.swift */ = {isa = PBXFileReference; lastKnownFileType = sourcecode.swift; path = Game.swift; sourceTree = "<group>"; };
		63DA88DD2617770A00E4D806 /* DelegateSpy.swift */ = {isa = PBXFileReference; lastKnownFileType = sourcecode.swift; path = DelegateSpy.swift; sourceTree = "<group>"; };
		63DA88EA261780BC00E4D806 /* QuizEngine.framework */ = {isa = PBXFileReference; explicitFileType = wrapper.framework; includeInIndex = 0; path = QuizEngine.framework; sourceTree = BUILT_PRODUCTS_DIR; };
		63DA88F2261780BD00E4D806 /* QuizEngine_iOSTests.xctest */ = {isa = PBXFileReference; explicitFileType = wrapper.cfbundle; includeInIndex = 0; path = QuizEngine_iOSTests.xctest; sourceTree = BUILT_PRODUCTS_DIR; };
		63E497FF26371B28006A3765 /* Question.swift */ = {isa = PBXFileReference; fileEncoding = 4; lastKnownFileType = sourcecode.swift; path = Question.swift; sourceTree = "<group>"; };
		63F3C4DD263837E200BC579C /* QuizDelegate.swift */ = {isa = PBXFileReference; lastKnownFileType = sourcecode.swift; path = QuizDelegate.swift; sourceTree = "<group>"; };
/* End PBXFileReference section */

/* Begin PBXFrameworksBuildPhase section */
		63DA882226151BDA00E4D806 /* Frameworks */ = {
			isa = PBXFrameworksBuildPhase;
			buildActionMask = 2147483647;
			files = (
			);
			runOnlyForDeploymentPostprocessing = 0;
		};
		63DA882B26151BDB00E4D806 /* Frameworks */ = {
			isa = PBXFrameworksBuildPhase;
			buildActionMask = 2147483647;
			files = (
				63DA882F26151BDB00E4D806 /* QuizEngine.framework in Frameworks */,
			);
			runOnlyForDeploymentPostprocessing = 0;
		};
		63DA88E7261780BC00E4D806 /* Frameworks */ = {
			isa = PBXFrameworksBuildPhase;
			buildActionMask = 2147483647;
			files = (
			);
			runOnlyForDeploymentPostprocessing = 0;
		};
		63DA88EF261780BD00E4D806 /* Frameworks */ = {
			isa = PBXFrameworksBuildPhase;
			buildActionMask = 2147483647;
			files = (
				63DA88F3261780BD00E4D806 /* QuizEngine.framework in Frameworks */,
			);
			runOnlyForDeploymentPostprocessing = 0;
		};
/* End PBXFrameworksBuildPhase section */

/* Begin PBXGroup section */
		63DA881B26151BDA00E4D806 = {
			isa = PBXGroup;
			children = (
				63DA882726151BDA00E4D806 /* QuizEngine */,
				63DA883226151BDB00E4D806 /* QuizEngineTests */,
				63DA882626151BDA00E4D806 /* Products */,
			);
			sourceTree = "<group>";
		};
		63DA882626151BDA00E4D806 /* Products */ = {
			isa = PBXGroup;
			children = (
				63DA882526151BDA00E4D806 /* QuizEngine.framework */,
				63DA882E26151BDB00E4D806 /* QuizEngineTests.xctest */,
				63DA88EA261780BC00E4D806 /* QuizEngine.framework */,
				63DA88F2261780BD00E4D806 /* QuizEngine_iOSTests.xctest */,
			);
			name = Products;
			sourceTree = "<group>";
		};
		63DA882726151BDA00E4D806 /* QuizEngine */ = {
			isa = PBXGroup;
			children = (
				63DA882926151BDA00E4D806 /* Info.plist */,
				63DA884726151DD100E4D806 /* Flow.swift */,
				63DA88CD2617751C00E4D806 /* Result.swift */,
				63E497FF26371B28006A3765 /* Question.swift */,
				63DA88D12617752400E4D806 /* Router.swift */,
				63DA88D92617767D00E4D806 /* Game.swift */,
				63F3C4DD263837E200BC579C /* QuizDelegate.swift */,
			);
			path = QuizEngine;
			sourceTree = "<group>";
		};
		63DA883226151BDB00E4D806 /* QuizEngineTests */ = {
			isa = PBXGroup;
			children = (
				63DA883526151BDB00E4D806 /* Info.plist */,
				63DA884326151C9600E4D806 /* FlowTest.swift */,
				63DA88D5261775BE00E4D806 /* GameTest.swift */,
				63DA88DD2617770A00E4D806 /* DelegateSpy.swift */,
			);
			path = QuizEngineTests;
			sourceTree = "<group>";
		};
/* End PBXGroup section */

/* Begin PBXHeadersBuildPhase section */
		63DA882026151BDA00E4D806 /* Headers */ = {
			isa = PBXHeadersBuildPhase;
			buildActionMask = 2147483647;
			files = (
			);
			runOnlyForDeploymentPostprocessing = 0;
		};
		63DA88E5261780BC00E4D806 /* Headers */ = {
			isa = PBXHeadersBuildPhase;
			buildActionMask = 2147483647;
			files = (
			);
			runOnlyForDeploymentPostprocessing = 0;
		};
/* End PBXHeadersBuildPhase section */

/* Begin PBXNativeTarget section */
		63DA882426151BDA00E4D806 /* QuizEngine */ = {
			isa = PBXNativeTarget;
			buildConfigurationList = 63DA883926151BDB00E4D806 /* Build configuration list for PBXNativeTarget "QuizEngine" */;
			buildPhases = (
				63DA882026151BDA00E4D806 /* Headers */,
				63DA882126151BDA00E4D806 /* Sources */,
				63DA882226151BDA00E4D806 /* Frameworks */,
				63DA882326151BDA00E4D806 /* Resources */,
			);
			buildRules = (
			);
			dependencies = (
			);
			name = QuizEngine;
			productName = QuizEngine;
			productReference = 63DA882526151BDA00E4D806 /* QuizEngine.framework */;
			productType = "com.apple.product-type.framework";
		};
		63DA882D26151BDB00E4D806 /* QuizEngineTests */ = {
			isa = PBXNativeTarget;
			buildConfigurationList = 63DA883C26151BDB00E4D806 /* Build configuration list for PBXNativeTarget "QuizEngineTests" */;
			buildPhases = (
				63DA882A26151BDB00E4D806 /* Sources */,
				63DA882B26151BDB00E4D806 /* Frameworks */,
				63DA882C26151BDB00E4D806 /* Resources */,
			);
			buildRules = (
			);
			dependencies = (
				63DA883126151BDB00E4D806 /* PBXTargetDependency */,
			);
			name = QuizEngineTests;
			productName = QuizEngineTests;
			productReference = 63DA882E26151BDB00E4D806 /* QuizEngineTests.xctest */;
			productType = "com.apple.product-type.bundle.unit-test";
		};
		63DA88E9261780BC00E4D806 /* QuizEngine_iOS */ = {
			isa = PBXNativeTarget;
			buildConfigurationList = 63DA88FF261780BD00E4D806 /* Build configuration list for PBXNativeTarget "QuizEngine_iOS" */;
			buildPhases = (
				63DA88E5261780BC00E4D806 /* Headers */,
				63DA88E6261780BC00E4D806 /* Sources */,
				63DA88E7261780BC00E4D806 /* Frameworks */,
				63DA88E8261780BC00E4D806 /* Resources */,
			);
			buildRules = (
			);
			dependencies = (
			);
			name = QuizEngine_iOS;
			productName = QuizEngine_iOS;
			productReference = 63DA88EA261780BC00E4D806 /* QuizEngine.framework */;
			productType = "com.apple.product-type.framework";
		};
		63DA88F1261780BD00E4D806 /* QuizEngine_iOSTests */ = {
			isa = PBXNativeTarget;
			buildConfigurationList = 63DA8900261780BD00E4D806 /* Build configuration list for PBXNativeTarget "QuizEngine_iOSTests" */;
			buildPhases = (
				63DA88EE261780BD00E4D806 /* Sources */,
				63DA88EF261780BD00E4D806 /* Frameworks */,
				63DA88F0261780BD00E4D806 /* Resources */,
			);
			buildRules = (
			);
			dependencies = (
				63DA88F5261780BD00E4D806 /* PBXTargetDependency */,
			);
			name = QuizEngine_iOSTests;
			productName = QuizEngine_iOSTests;
			productReference = 63DA88F2261780BD00E4D806 /* QuizEngine_iOSTests.xctest */;
			productType = "com.apple.product-type.bundle.unit-test";
		};
/* End PBXNativeTarget section */

/* Begin PBXProject section */
		63DA881C26151BDA00E4D806 /* Project object */ = {
			isa = PBXProject;
			attributes = {
				LastSwiftUpdateCheck = 1240;
				LastUpgradeCheck = 1240;
				TargetAttributes = {
					63DA882426151BDA00E4D806 = {
						CreatedOnToolsVersion = 12.4;
						LastSwiftMigration = 1240;
					};
					63DA882D26151BDB00E4D806 = {
						CreatedOnToolsVersion = 12.4;
						LastSwiftMigration = 1240;
					};
					63DA88E9261780BC00E4D806 = {
						CreatedOnToolsVersion = 12.4;
					};
					63DA88F1261780BD00E4D806 = {
						CreatedOnToolsVersion = 12.4;
					};
				};
			};
			buildConfigurationList = 63DA881F26151BDA00E4D806 /* Build configuration list for PBXProject "QuizEngine" */;
			compatibilityVersion = "Xcode 9.3";
			developmentRegion = en;
			hasScannedForEncodings = 0;
			knownRegions = (
				en,
				Base,
			);
			mainGroup = 63DA881B26151BDA00E4D806;
			productRefGroup = 63DA882626151BDA00E4D806 /* Products */;
			projectDirPath = "";
			projectRoot = "";
			targets = (
				63DA882426151BDA00E4D806 /* QuizEngine */,
				63DA882D26151BDB00E4D806 /* QuizEngineTests */,
				63DA88E9261780BC00E4D806 /* QuizEngine_iOS */,
				63DA88F1261780BD00E4D806 /* QuizEngine_iOSTests */,
			);
		};
/* End PBXProject section */

/* Begin PBXResourcesBuildPhase section */
		63DA882326151BDA00E4D806 /* Resources */ = {
			isa = PBXResourcesBuildPhase;
			buildActionMask = 2147483647;
			files = (
			);
			runOnlyForDeploymentPostprocessing = 0;
		};
		63DA882C26151BDB00E4D806 /* Resources */ = {
			isa = PBXResourcesBuildPhase;
			buildActionMask = 2147483647;
			files = (
			);
			runOnlyForDeploymentPostprocessing = 0;
		};
		63DA88E8261780BC00E4D806 /* Resources */ = {
			isa = PBXResourcesBuildPhase;
			buildActionMask = 2147483647;
			files = (
			);
			runOnlyForDeploymentPostprocessing = 0;
		};
		63DA88F0261780BD00E4D806 /* Resources */ = {
			isa = PBXResourcesBuildPhase;
			buildActionMask = 2147483647;
			files = (
			);
			runOnlyForDeploymentPostprocessing = 0;
		};
/* End PBXResourcesBuildPhase section */

/* Begin PBXSourcesBuildPhase section */
		63DA882126151BDA00E4D806 /* Sources */ = {
			isa = PBXSourcesBuildPhase;
			buildActionMask = 2147483647;
			files = (
				63E4980026371B28006A3765 /* Question.swift in Sources */,
				63DA88CE2617751C00E4D806 /* Result.swift in Sources */,
				63DA88D22617752400E4D806 /* Router.swift in Sources */,
				63DA884826151DD100E4D806 /* Flow.swift in Sources */,
				63DA88DA2617767D00E4D806 /* Game.swift in Sources */,
				63F3C4DE263837E200BC579C /* QuizDelegate.swift in Sources */,
			);
			runOnlyForDeploymentPostprocessing = 0;
		};
		63DA882A26151BDB00E4D806 /* Sources */ = {
			isa = PBXSourcesBuildPhase;
			buildActionMask = 2147483647;
			files = (
				63DA884426151C9600E4D806 /* FlowTest.swift in Sources */,
				63DA88D6261775BE00E4D806 /* GameTest.swift in Sources */,
				63DA88DE2617770A00E4D806 /* DelegateSpy.swift in Sources */,
			);
			runOnlyForDeploymentPostprocessing = 0;
		};
		63DA88E6261780BC00E4D806 /* Sources */ = {
			isa = PBXSourcesBuildPhase;
			buildActionMask = 2147483647;
			files = (
				63E4981F2637F8D8006A3765 /* Question.swift in Sources */,
				63DA89162617813B00E4D806 /* Flow.swift in Sources */,
				63DA89152617813B00E4D806 /* Router.swift in Sources */,
				63DA89142617813B00E4D806 /* Result.swift in Sources */,
				63DA89172617813B00E4D806 /* Game.swift in Sources */,
			);
			runOnlyForDeploymentPostprocessing = 0;
		};
		63DA88EE261780BD00E4D806 /* Sources */ = {
			isa = PBXSourcesBuildPhase;
			buildActionMask = 2147483647;
			files = (
				63DA890D2617812400E4D806 /* GameTest.swift in Sources */,
				63DA890E2617812400E4D806 /* FlowTest.swift in Sources */,
				63DA890F2617812400E4D806 /* DelegateSpy.swift in Sources */,
			);
			runOnlyForDeploymentPostprocessing = 0;
		};
/* End PBXSourcesBuildPhase section */

/* Begin PBXTargetDependency section */
		63DA883126151BDB00E4D806 /* PBXTargetDependency */ = {
			isa = PBXTargetDependency;
			target = 63DA882426151BDA00E4D806 /* QuizEngine */;
			targetProxy = 63DA883026151BDB00E4D806 /* PBXContainerItemProxy */;
		};
		63DA88F5261780BD00E4D806 /* PBXTargetDependency */ = {
			isa = PBXTargetDependency;
			target = 63DA88E9261780BC00E4D806 /* QuizEngine_iOS */;
			targetProxy = 63DA88F4261780BD00E4D806 /* PBXContainerItemProxy */;
		};
/* End PBXTargetDependency section */

/* Begin XCBuildConfiguration section */
		63DA883726151BDB00E4D806 /* Debug */ = {
			isa = XCBuildConfiguration;
			buildSettings = {
				ALWAYS_SEARCH_USER_PATHS = NO;
				CLANG_ANALYZER_NONNULL = YES;
				CLANG_ANALYZER_NUMBER_OBJECT_CONVERSION = YES_AGGRESSIVE;
				CLANG_CXX_LANGUAGE_STANDARD = "gnu++14";
				CLANG_CXX_LIBRARY = "libc++";
				CLANG_ENABLE_MODULES = YES;
				CLANG_ENABLE_OBJC_ARC = YES;
				CLANG_ENABLE_OBJC_WEAK = YES;
				CLANG_WARN_BLOCK_CAPTURE_AUTORELEASING = YES;
				CLANG_WARN_BOOL_CONVERSION = YES;
				CLANG_WARN_COMMA = YES;
				CLANG_WARN_CONSTANT_CONVERSION = YES;
				CLANG_WARN_DEPRECATED_OBJC_IMPLEMENTATIONS = YES;
				CLANG_WARN_DIRECT_OBJC_ISA_USAGE = YES_ERROR;
				CLANG_WARN_DOCUMENTATION_COMMENTS = YES;
				CLANG_WARN_EMPTY_BODY = YES;
				CLANG_WARN_ENUM_CONVERSION = YES;
				CLANG_WARN_INFINITE_RECURSION = YES;
				CLANG_WARN_INT_CONVERSION = YES;
				CLANG_WARN_NON_LITERAL_NULL_CONVERSION = YES;
				CLANG_WARN_OBJC_IMPLICIT_RETAIN_SELF = YES;
				CLANG_WARN_OBJC_LITERAL_CONVERSION = YES;
				CLANG_WARN_OBJC_ROOT_CLASS = YES_ERROR;
				CLANG_WARN_QUOTED_INCLUDE_IN_FRAMEWORK_HEADER = YES;
				CLANG_WARN_RANGE_LOOP_ANALYSIS = YES;
				CLANG_WARN_STRICT_PROTOTYPES = YES;
				CLANG_WARN_SUSPICIOUS_MOVE = YES;
				CLANG_WARN_UNGUARDED_AVAILABILITY = YES_AGGRESSIVE;
				CLANG_WARN_UNREACHABLE_CODE = YES;
				CLANG_WARN__DUPLICATE_METHOD_MATCH = YES;
				COPY_PHASE_STRIP = NO;
				CURRENT_PROJECT_VERSION = 1;
				DEBUG_INFORMATION_FORMAT = dwarf;
				ENABLE_STRICT_OBJC_MSGSEND = YES;
				ENABLE_TESTABILITY = YES;
				GCC_C_LANGUAGE_STANDARD = gnu11;
				GCC_DYNAMIC_NO_PIC = NO;
				GCC_NO_COMMON_BLOCKS = YES;
				GCC_OPTIMIZATION_LEVEL = 0;
				GCC_PREPROCESSOR_DEFINITIONS = (
					"DEBUG=1",
					"$(inherited)",
				);
				GCC_WARN_64_TO_32_BIT_CONVERSION = YES;
				GCC_WARN_ABOUT_RETURN_TYPE = YES_ERROR;
				GCC_WARN_UNDECLARED_SELECTOR = YES;
				GCC_WARN_UNINITIALIZED_AUTOS = YES_AGGRESSIVE;
				GCC_WARN_UNUSED_FUNCTION = YES;
				GCC_WARN_UNUSED_VARIABLE = YES;
				MACOSX_DEPLOYMENT_TARGET = 11.1;
				MTL_ENABLE_DEBUG_INFO = INCLUDE_SOURCE;
				MTL_FAST_MATH = YES;
				ONLY_ACTIVE_ARCH = YES;
				SDKROOT = macosx;
				SWIFT_ACTIVE_COMPILATION_CONDITIONS = DEBUG;
				SWIFT_OPTIMIZATION_LEVEL = "-Onone";
				VERSIONING_SYSTEM = "apple-generic";
				VERSION_INFO_PREFIX = "";
			};
			name = Debug;
		};
		63DA883826151BDB00E4D806 /* Release */ = {
			isa = XCBuildConfiguration;
			buildSettings = {
				ALWAYS_SEARCH_USER_PATHS = NO;
				CLANG_ANALYZER_NONNULL = YES;
				CLANG_ANALYZER_NUMBER_OBJECT_CONVERSION = YES_AGGRESSIVE;
				CLANG_CXX_LANGUAGE_STANDARD = "gnu++14";
				CLANG_CXX_LIBRARY = "libc++";
				CLANG_ENABLE_MODULES = YES;
				CLANG_ENABLE_OBJC_ARC = YES;
				CLANG_ENABLE_OBJC_WEAK = YES;
				CLANG_WARN_BLOCK_CAPTURE_AUTORELEASING = YES;
				CLANG_WARN_BOOL_CONVERSION = YES;
				CLANG_WARN_COMMA = YES;
				CLANG_WARN_CONSTANT_CONVERSION = YES;
				CLANG_WARN_DEPRECATED_OBJC_IMPLEMENTATIONS = YES;
				CLANG_WARN_DIRECT_OBJC_ISA_USAGE = YES_ERROR;
				CLANG_WARN_DOCUMENTATION_COMMENTS = YES;
				CLANG_WARN_EMPTY_BODY = YES;
				CLANG_WARN_ENUM_CONVERSION = YES;
				CLANG_WARN_INFINITE_RECURSION = YES;
				CLANG_WARN_INT_CONVERSION = YES;
				CLANG_WARN_NON_LITERAL_NULL_CONVERSION = YES;
				CLANG_WARN_OBJC_IMPLICIT_RETAIN_SELF = YES;
				CLANG_WARN_OBJC_LITERAL_CONVERSION = YES;
				CLANG_WARN_OBJC_ROOT_CLASS = YES_ERROR;
				CLANG_WARN_QUOTED_INCLUDE_IN_FRAMEWORK_HEADER = YES;
				CLANG_WARN_RANGE_LOOP_ANALYSIS = YES;
				CLANG_WARN_STRICT_PROTOTYPES = YES;
				CLANG_WARN_SUSPICIOUS_MOVE = YES;
				CLANG_WARN_UNGUARDED_AVAILABILITY = YES_AGGRESSIVE;
				CLANG_WARN_UNREACHABLE_CODE = YES;
				CLANG_WARN__DUPLICATE_METHOD_MATCH = YES;
				COPY_PHASE_STRIP = NO;
				CURRENT_PROJECT_VERSION = 1;
				DEBUG_INFORMATION_FORMAT = "dwarf-with-dsym";
				ENABLE_NS_ASSERTIONS = NO;
				ENABLE_STRICT_OBJC_MSGSEND = YES;
				GCC_C_LANGUAGE_STANDARD = gnu11;
				GCC_NO_COMMON_BLOCKS = YES;
				GCC_WARN_64_TO_32_BIT_CONVERSION = YES;
				GCC_WARN_ABOUT_RETURN_TYPE = YES_ERROR;
				GCC_WARN_UNDECLARED_SELECTOR = YES;
				GCC_WARN_UNINITIALIZED_AUTOS = YES_AGGRESSIVE;
				GCC_WARN_UNUSED_FUNCTION = YES;
				GCC_WARN_UNUSED_VARIABLE = YES;
				MACOSX_DEPLOYMENT_TARGET = 11.1;
				MTL_ENABLE_DEBUG_INFO = NO;
				MTL_FAST_MATH = YES;
				SDKROOT = macosx;
				SWIFT_COMPILATION_MODE = wholemodule;
				SWIFT_OPTIMIZATION_LEVEL = "-O";
				VERSIONING_SYSTEM = "apple-generic";
				VERSION_INFO_PREFIX = "";
			};
			name = Release;
		};
		63DA883A26151BDB00E4D806 /* Debug */ = {
			isa = XCBuildConfiguration;
			buildSettings = {
				CLANG_ENABLE_MODULES = YES;
				CODE_SIGN_STYLE = Automatic;
				COMBINE_HIDPI_IMAGES = YES;
				DEFINES_MODULE = YES;
				DEVELOPMENT_TEAM = SL4ZER5787;
				DYLIB_COMPATIBILITY_VERSION = 1;
				DYLIB_CURRENT_VERSION = 1;
				DYLIB_INSTALL_NAME_BASE = "@rpath";
				INFOPLIST_FILE = QuizEngine/Info.plist;
				INSTALL_PATH = "$(LOCAL_LIBRARY_DIR)/Frameworks";
				LD_RUNPATH_SEARCH_PATHS = (
					"$(inherited)",
					"@executable_path/../Frameworks",
					"@loader_path/Frameworks",
				);
				PRODUCT_BUNDLE_IDENTIFIER = quizgame.QuizEngine;
				PRODUCT_NAME = "$(TARGET_NAME:c99extidentifier)";
				SKIP_INSTALL = YES;
				SWIFT_OPTIMIZATION_LEVEL = "-Onone";
				SWIFT_VERSION = 5.0;
			};
			name = Debug;
		};
		63DA883B26151BDB00E4D806 /* Release */ = {
			isa = XCBuildConfiguration;
			buildSettings = {
				CLANG_ENABLE_MODULES = YES;
				CODE_SIGN_STYLE = Automatic;
				COMBINE_HIDPI_IMAGES = YES;
				DEFINES_MODULE = YES;
				DEVELOPMENT_TEAM = SL4ZER5787;
				DYLIB_COMPATIBILITY_VERSION = 1;
				DYLIB_CURRENT_VERSION = 1;
				DYLIB_INSTALL_NAME_BASE = "@rpath";
				INFOPLIST_FILE = QuizEngine/Info.plist;
				INSTALL_PATH = "$(LOCAL_LIBRARY_DIR)/Frameworks";
				LD_RUNPATH_SEARCH_PATHS = (
					"$(inherited)",
					"@executable_path/../Frameworks",
					"@loader_path/Frameworks",
				);
				PRODUCT_BUNDLE_IDENTIFIER = quizgame.QuizEngine;
				PRODUCT_NAME = "$(TARGET_NAME:c99extidentifier)";
				SKIP_INSTALL = YES;
				SWIFT_VERSION = 5.0;
			};
			name = Release;
		};
		63DA883D26151BDB00E4D806 /* Debug */ = {
			isa = XCBuildConfiguration;
			buildSettings = {
				ALWAYS_EMBED_SWIFT_STANDARD_LIBRARIES = YES;
				CLANG_ENABLE_MODULES = YES;
				CODE_SIGN_STYLE = Automatic;
				COMBINE_HIDPI_IMAGES = YES;
				DEVELOPMENT_TEAM = SL4ZER5787;
				INFOPLIST_FILE = QuizEngineTests/Info.plist;
				LD_RUNPATH_SEARCH_PATHS = (
					"$(inherited)",
					"@executable_path/../Frameworks",
					"@loader_path/../Frameworks",
				);
				PRODUCT_BUNDLE_IDENTIFIER = quizgame.QuizEngineTests;
				PRODUCT_NAME = "$(TARGET_NAME)";
				SWIFT_OPTIMIZATION_LEVEL = "-Onone";
				SWIFT_VERSION = 5.0;
			};
			name = Debug;
		};
		63DA883E26151BDB00E4D806 /* Release */ = {
			isa = XCBuildConfiguration;
			buildSettings = {
				ALWAYS_EMBED_SWIFT_STANDARD_LIBRARIES = YES;
				CLANG_ENABLE_MODULES = YES;
				CODE_SIGN_STYLE = Automatic;
				COMBINE_HIDPI_IMAGES = YES;
				DEVELOPMENT_TEAM = SL4ZER5787;
				INFOPLIST_FILE = QuizEngineTests/Info.plist;
				LD_RUNPATH_SEARCH_PATHS = (
					"$(inherited)",
					"@executable_path/../Frameworks",
					"@loader_path/../Frameworks",
				);
				PRODUCT_BUNDLE_IDENTIFIER = quizgame.QuizEngineTests;
				PRODUCT_NAME = "$(TARGET_NAME)";
				SWIFT_VERSION = 5.0;
			};
			name = Release;
		};
		63DA88FB261780BD00E4D806 /* Debug */ = {
			isa = XCBuildConfiguration;
			buildSettings = {
				CODE_SIGN_STYLE = Automatic;
				DEFINES_MODULE = YES;
				DEVELOPMENT_TEAM = SL4ZER5787;
				DYLIB_COMPATIBILITY_VERSION = 1;
				DYLIB_CURRENT_VERSION = 1;
				DYLIB_INSTALL_NAME_BASE = "@rpath";
				INFOPLIST_FILE = QuizEngine/Info.plist;
				INSTALL_PATH = "$(LOCAL_LIBRARY_DIR)/Frameworks";
				IPHONEOS_DEPLOYMENT_TARGET = 14.4;
				LD_RUNPATH_SEARCH_PATHS = (
					"$(inherited)",
					"@executable_path/Frameworks",
					"@loader_path/Frameworks",
				);
				PRODUCT_BUNDLE_IDENTIFIER = "quizgame.QuizEngine-iOS";
				PRODUCT_NAME = QuizEngine;
				SDKROOT = iphoneos;
				SKIP_INSTALL = YES;
				SWIFT_VERSION = 5.0;
				TARGETED_DEVICE_FAMILY = "1,2";
			};
			name = Debug;
		};
		63DA88FC261780BD00E4D806 /* Release */ = {
			isa = XCBuildConfiguration;
			buildSettings = {
				CODE_SIGN_STYLE = Automatic;
				DEFINES_MODULE = YES;
				DEVELOPMENT_TEAM = SL4ZER5787;
				DYLIB_COMPATIBILITY_VERSION = 1;
				DYLIB_CURRENT_VERSION = 1;
				DYLIB_INSTALL_NAME_BASE = "@rpath";
				INFOPLIST_FILE = QuizEngine/Info.plist;
				INSTALL_PATH = "$(LOCAL_LIBRARY_DIR)/Frameworks";
				IPHONEOS_DEPLOYMENT_TARGET = 14.4;
				LD_RUNPATH_SEARCH_PATHS = (
					"$(inherited)",
					"@executable_path/Frameworks",
					"@loader_path/Frameworks",
				);
				PRODUCT_BUNDLE_IDENTIFIER = "quizgame.QuizEngine-iOS";
				PRODUCT_NAME = QuizEngine;
				SDKROOT = iphoneos;
				SKIP_INSTALL = YES;
				SWIFT_VERSION = 5.0;
				TARGETED_DEVICE_FAMILY = "1,2";
				VALIDATE_PRODUCT = YES;
			};
			name = Release;
		};
		63DA88FD261780BD00E4D806 /* Debug */ = {
			isa = XCBuildConfiguration;
			buildSettings = {
				ALWAYS_EMBED_SWIFT_STANDARD_LIBRARIES = YES;
				CODE_SIGN_STYLE = Automatic;
				DEVELOPMENT_TEAM = SL4ZER5787;
				INFOPLIST_FILE = QuizEngineTests/Info.plist;
				IPHONEOS_DEPLOYMENT_TARGET = 14.4;
				LD_RUNPATH_SEARCH_PATHS = (
					"$(inherited)",
					"@executable_path/Frameworks",
					"@loader_path/Frameworks",
				);
				PRODUCT_BUNDLE_IDENTIFIER = "quizgame.QuizEngine-iOSTests";
				PRODUCT_NAME = "$(TARGET_NAME)";
				SDKROOT = iphoneos;
				SWIFT_VERSION = 5.0;
				TARGETED_DEVICE_FAMILY = "1,2";
			};
			name = Debug;
		};
		63DA88FE261780BD00E4D806 /* Release */ = {
			isa = XCBuildConfiguration;
			buildSettings = {
				ALWAYS_EMBED_SWIFT_STANDARD_LIBRARIES = YES;
				CODE_SIGN_STYLE = Automatic;
				DEVELOPMENT_TEAM = SL4ZER5787;
				INFOPLIST_FILE = QuizEngineTests/Info.plist;
				IPHONEOS_DEPLOYMENT_TARGET = 14.4;
				LD_RUNPATH_SEARCH_PATHS = (
					"$(inherited)",
					"@executable_path/Frameworks",
					"@loader_path/Frameworks",
				);
				PRODUCT_BUNDLE_IDENTIFIER = "quizgame.QuizEngine-iOSTests";
				PRODUCT_NAME = "$(TARGET_NAME)";
				SDKROOT = iphoneos;
				SWIFT_VERSION = 5.0;
				TARGETED_DEVICE_FAMILY = "1,2";
				VALIDATE_PRODUCT = YES;
			};
			name = Release;
		};
/* End XCBuildConfiguration section */

/* Begin XCConfigurationList section */
		63DA881F26151BDA00E4D806 /* Build configuration list for PBXProject "QuizEngine" */ = {
			isa = XCConfigurationList;
			buildConfigurations = (
				63DA883726151BDB00E4D806 /* Debug */,
				63DA883826151BDB00E4D806 /* Release */,
			);
			defaultConfigurationIsVisible = 0;
			defaultConfigurationName = Release;
		};
		63DA883926151BDB00E4D806 /* Build configuration list for PBXNativeTarget "QuizEngine" */ = {
			isa = XCConfigurationList;
			buildConfigurations = (
				63DA883A26151BDB00E4D806 /* Debug */,
				63DA883B26151BDB00E4D806 /* Release */,
			);
			defaultConfigurationIsVisible = 0;
			defaultConfigurationName = Release;
		};
		63DA883C26151BDB00E4D806 /* Build configuration list for PBXNativeTarget "QuizEngineTests" */ = {
			isa = XCConfigurationList;
			buildConfigurations = (
				63DA883D26151BDB00E4D806 /* Debug */,
				63DA883E26151BDB00E4D806 /* Release */,
			);
			defaultConfigurationIsVisible = 0;
			defaultConfigurationName = Release;
		};
		63DA88FF261780BD00E4D806 /* Build configuration list for PBXNativeTarget "QuizEngine_iOS" */ = {
			isa = XCConfigurationList;
			buildConfigurations = (
				63DA88FB261780BD00E4D806 /* Debug */,
				63DA88FC261780BD00E4D806 /* Release */,
			);
			defaultConfigurationIsVisible = 0;
			defaultConfigurationName = Release;
		};
		63DA8900261780BD00E4D806 /* Build configuration list for PBXNativeTarget "QuizEngine_iOSTests" */ = {
			isa = XCConfigurationList;
			buildConfigurations = (
				63DA88FD261780BD00E4D806 /* Debug */,
				63DA88FE261780BD00E4D806 /* Release */,
			);
			defaultConfigurationIsVisible = 0;
			defaultConfigurationName = Release;
		};
/* End XCConfigurationList section */
	};
	rootObject = 63DA881C26151BDA00E4D806 /* Project object */;
}
